
Microsoft Visual Studio Solution File, Format Version 11.00
# Visual Studio 2010
Project("{911E67C6-3D85-4FCE-B560-20A9C3E3FF48}") = "ipy", "Z:\designs\goldenears\working\kanwars\p_goldenears_sw\components\hobbes\ipy.exe", "{32C6180B-9BF1-466F-B7F0-267B9C99218A}"
	ProjectSection(DebuggerProjectSystem) = preProject
		PortSupplier = 00000000-0000-0000-0000-000000000000
		Executable = Z:\designs\goldenears\working\kanwars\p_goldenears_sw\components\hobbes\ipy.exe
		RemoteMachine = ICRON105
		StartingDirectory = Z:\designs\goldenears\working\kanwars\p_goldenears_sw\components\hobbes
		Arguments = -D HobbesDriver.py
		Environment = Default
		LaunchingEngine = 00000000-0000-0000-0000-000000000000
		LaunchSQLEngine = No
		AttachLaunchAction = No
	EndProjectSection
EndProject
Project("{2150E333-8FDC-42A3-9474-1A3956D46DE8}") = "Solution Items", "Solution Items", "{D8A2BA43-1FE7-492A-BCB9-B16B66FFD48C}"
	ProjectSection(SolutionItems) = preProject
		bsdtar.exe = bsdtar.exe
		ErrorLog.txt = ErrorLog.txt
		Hobbes.bat = Hobbes.bat
		HobbesDriver.py = HobbesDriver.py
		README.txt = README.txt
		TODO.txt = TODO.txt
	EndProjectSection
EndProject
Global
	GlobalSection(SolutionConfigurationPlatforms) = preSolution
		Debug|x86 = Debug|x86
	EndGlobalSection
	GlobalSection(ProjectConfigurationPlatforms) = postSolution
		{32C6180B-9BF1-466F-B7F0-267B9C99218A}.Debug|x86.ActiveCfg = Debug|x86
	EndGlobalSection
	GlobalSection(SolutionProperties) = preSolution
		HideSolutionNode = FALSE
	EndGlobalSection
EndGlobal
